
Microsoft Visual Studio Solution File, Format Version 12.00
# Visual Studio 2012
Project("{FAE04EC0-301F-11D3-BF4B-00C04F79EFBC}") = "Test2Uge34", "Test2Uge34\Test2Uge34.csproj", "{2E3A3D11-1136-4317-9913-4939E91E6937}"
EndProject
Global
	GlobalSection(SolutionConfigurationPlatforms) = preSolution
		Debug|Any CPU = Debug|Any CPU
		Release|Any CPU = Release|Any CPU
	EndGlobalSection
	GlobalSection(ProjectConfigurationPlatforms) = postSolution
		{2E3A3D11-1136-4317-9913-4939E91E6937}.Debug|Any CPU.ActiveCfg = Debug|Any CPU
		{2E3A3D11-1136-4317-9913-4939E91E6937}.Debug|Any CPU.Build.0 = Debug|Any CPU
		{2E3A3D11-1136-4317-9913-4939E91E6937}.Release|Any CPU.ActiveCfg = Release|Any CPU
		{2E3A3D11-1136-4317-9913-4939E91E6937}.Release|Any CPU.Build.0 = Release|Any CPU
	EndGlobalSection
	GlobalSection(SolutionProperties) = preSolution
		HideSolutionNode = FALSE
	EndGlobalSection
EndGlobal
