
Microsoft Visual Studio Solution File, Format Version 12.00
# Visual Studio 2012
Project("{FAE04EC0-301F-11D3-BF4B-00C04F79EFBC}") = "ThreadedServer", "ThreadedServer\ThreadedServer.csproj", "{B21B1775-6EE3-4A22-BBF5-63EE018B5BA0}"
EndProject
Project("{FAE04EC0-301F-11D3-BF4B-00C04F79EFBC}") = "SimpleClient", "SimpleClient\SimpleClient.csproj", "{D50BDC2C-0E1B-4582-8C08-DAC0075D9247}"
EndProject
Project("{FAE04EC0-301F-11D3-BF4B-00C04F79EFBC}") = "ThreadedClient", "ThreadedClient\ThreadedClient.csproj", "{13132C9E-7CE8-4A70-9683-5A913A87BB62}"
EndProject
Global
	GlobalSection(SolutionConfigurationPlatforms) = preSolution
		Debug|Any CPU = Debug|Any CPU
		Release|Any CPU = Release|Any CPU
	EndGlobalSection
	GlobalSection(ProjectConfigurationPlatforms) = postSolution
		{B21B1775-6EE3-4A22-BBF5-63EE018B5BA0}.Debug|Any CPU.ActiveCfg = Debug|Any CPU
		{B21B1775-6EE3-4A22-BBF5-63EE018B5BA0}.Debug|Any CPU.Build.0 = Debug|Any CPU
		{B21B1775-6EE3-4A22-BBF5-63EE018B5BA0}.Release|Any CPU.ActiveCfg = Release|Any CPU
		{B21B1775-6EE3-4A22-BBF5-63EE018B5BA0}.Release|Any CPU.Build.0 = Release|Any CPU
		{D50BDC2C-0E1B-4582-8C08-DAC0075D9247}.Debug|Any CPU.ActiveCfg = Debug|Any CPU
		{D50BDC2C-0E1B-4582-8C08-DAC0075D9247}.Debug|Any CPU.Build.0 = Debug|Any CPU
		{D50BDC2C-0E1B-4582-8C08-DAC0075D9247}.Release|Any CPU.ActiveCfg = Release|Any CPU
		{D50BDC2C-0E1B-4582-8C08-DAC0075D9247}.Release|Any CPU.Build.0 = Release|Any CPU
		{13132C9E-7CE8-4A70-9683-5A913A87BB62}.Debug|Any CPU.ActiveCfg = Debug|Any CPU
		{13132C9E-7CE8-4A70-9683-5A913A87BB62}.Debug|Any CPU.Build.0 = Debug|Any CPU
		{13132C9E-7CE8-4A70-9683-5A913A87BB62}.Release|Any CPU.ActiveCfg = Release|Any CPU
		{13132C9E-7CE8-4A70-9683-5A913A87BB62}.Release|Any CPU.Build.0 = Release|Any CPU
	EndGlobalSection
	GlobalSection(SolutionProperties) = preSolution
		HideSolutionNode = FALSE
	EndGlobalSection
EndGlobal
