
Microsoft Visual Studio Solution File, Format Version 12.00
# Visual Studio 2012
Project("{FAE04EC0-301F-11D3-BF4B-00C04F79EFBC}") = "HttpClient", "HttpClient\HttpClient.csproj", "{218C5BBD-27C3-4AA8-AA90-9FA076DB1482}"
EndProject
Global
	GlobalSection(SolutionConfigurationPlatforms) = preSolution
		Debug|Any CPU = Debug|Any CPU
		Release|Any CPU = Release|Any CPU
	EndGlobalSection
	GlobalSection(ProjectConfigurationPlatforms) = postSolution
		{218C5BBD-27C3-4AA8-AA90-9FA076DB1482}.Debug|Any CPU.ActiveCfg = Debug|Any CPU
		{218C5BBD-27C3-4AA8-AA90-9FA076DB1482}.Debug|Any CPU.Build.0 = Debug|Any CPU
		{218C5BBD-27C3-4AA8-AA90-9FA076DB1482}.Release|Any CPU.ActiveCfg = Release|Any CPU
		{218C5BBD-27C3-4AA8-AA90-9FA076DB1482}.Release|Any CPU.Build.0 = Release|Any CPU
	EndGlobalSection
	GlobalSection(SolutionProperties) = preSolution
		HideSolutionNode = FALSE
	EndGlobalSection
EndGlobal
